
Microsoft Visual Studio Solution File, Format Version 12.00
# Visual Studio Version 17
VisualStudioVersion = 17.3.32811.315
MinimumVisualStudioVersion = 10.0.40219.1
Project("{2150E333-8FDC-42A3-9474-1A3956D46DE8}") = "apiGateways", "apiGateways", "{F0E3C623-5D15-4978-B885-C1974CB84442}"
EndProject
Project("{2150E333-8FDC-42A3-9474-1A3956D46DE8}") = "apps", "apps", "{C1441F7D-E4D9-41AD-AEF9-8A5A63AE3EE6}"
EndProject
Project("{2150E333-8FDC-42A3-9474-1A3956D46DE8}") = "buildingBlocks", "buildingBlocks", "{38B254CF-F389-449B-9642-994158D2596F}"
EndProject
Project("{2150E333-8FDC-42A3-9474-1A3956D46DE8}") = "services", "services", "{A4B003E1-B830-489B-9E8B-56B07FBAA42C}"
EndProject
Project("{9A19103F-16F7-4668-BE54-9A1E7A4F7556}") = "Common.Logging", "buildingBlocks\Common.Logging\Common.Logging.csproj", "{BC6496C1-67C3-4535-A1FA-FDFBA48FEC94}"
EndProject
Project("{9A19103F-16F7-4668-BE54-9A1E7A4F7556}") = "EventBus.Messages", "buildingBlocks\EventBus.Messages\EventBus.Messages.csproj", "{77099210-A979-4ECE-A595-F2F9B3A32AD0}"
EndProject
Project("{2150E333-8FDC-42A3-9474-1A3956D46DE8}") = "agencyService", "agencyService", "{DFAE17D0-663B-4ED6-8D3C-8D01F45260AB}"
EndProject
Project("{9A19103F-16F7-4668-BE54-9A1E7A4F7556}") = "AgencyService.Domain", "services\agencyService\AgencyService.Domain\AgencyService.Domain.csproj", "{270AC4A4-FAEA-40C8-9F13-F3EE3BDE7F81}"
EndProject
Project("{9A19103F-16F7-4668-BE54-9A1E7A4F7556}") = "AgencyService.Application", "services\agencyService\AgencyService.Application\AgencyService.Application.csproj", "{EE6156E7-28E2-46FA-A01D-7E0036C30671}"
EndProject
Project("{9A19103F-16F7-4668-BE54-9A1E7A4F7556}") = "AgencyService.Infrastructure", "services\agencyService\AgencyService.Infrastructure\AgencyService.Infrastructure.csproj", "{FD6A47D4-2E9A-4B1B-9B06-0737C55703B8}"
EndProject
Project("{9A19103F-16F7-4668-BE54-9A1E7A4F7556}") = "AgencyService.Api", "services\agencyService\AgencyService.Api\AgencyService.Api.csproj", "{910D278B-2CFF-4ED8-A7B9-7D15BAC9BA7B}"
EndProject
Project("{2150E333-8FDC-42A3-9474-1A3956D46DE8}") = "AccountProcessService", "AccountProcessService", "{80441361-1F2E-4D21-B77F-AEFD6BE60CD4}"
EndProject
Project("{9A19103F-16F7-4668-BE54-9A1E7A4F7556}") = "AccountProcessService.Domain", "services\AccountProcessService\AccountProcessService.Domain\AccountProcessService.Domain.csproj", "{A4E73363-93A7-47AF-9410-114542141368}"
EndProject
Project("{9A19103F-16F7-4668-BE54-9A1E7A4F7556}") = "AccountProcessService.Application", "services\AccountProcessService\AccountProcessService.Application\AccountProcessService.Application.csproj", "{4835A526-F2D2-49F5-A9CB-B3D760516AF3}"
EndProject
Project("{9A19103F-16F7-4668-BE54-9A1E7A4F7556}") = "AccountProcessService.Infrastructure", "services\AccountProcessService\AccountProcessService.Infrastructure\AccountProcessService.Infrastructure.csproj", "{5D0F66B5-7939-4EB9-905C-9C60B690F1B8}"
EndProject
Project("{9A19103F-16F7-4668-BE54-9A1E7A4F7556}") = "AccountProcessService.Api", "services\AccountProcessService\AccountProcessService.API\AccountProcessService.Api.csproj", "{4E4D2E3C-EE06-4DF4-8006-6E8D8B32BFB7}"
EndProject
Project("{9A19103F-16F7-4668-BE54-9A1E7A4F7556}") = "BuildingBlocks.Core.Domain", "buildingBlocks\BuildingBlocks.Core.Domain\BuildingBlocks.Core.Domain.csproj", "{6BA644B7-F457-4402-8BA3-B3F4DE990BA5}"
EndProject
Project("{9A19103F-16F7-4668-BE54-9A1E7A4F7556}") = "BuildingBlocks.Dapper", "buildingBlocks\BuildingBlocks.Dapper\BuildingBlocks.Dapper.csproj", "{8F61B5FE-81BA-42A7-BF57-8E7930738A6F}"
EndProject
Project("{9A19103F-16F7-4668-BE54-9A1E7A4F7556}") = "BuildingBlocks.Infrastructure", "buildingBlocks\BuildingBlocks.Infrastructure\BuildingBlocks.Infrastructure.csproj", "{5303E8A8-80DF-4E50-872A-5C8B6068E2F6}"
EndProject
Project("{9A19103F-16F7-4668-BE54-9A1E7A4F7556}") = "BuildingBlocks.Application", "buildingBlocks\BuildingBlocks.Application\BuildingBlocks.Application.csproj", "{932426CD-4957-43BC-9034-A03655A8D3B1}"
EndProject
Project("{2150E333-8FDC-42A3-9474-1A3956D46DE8}") = "FPSProcessService", "FPSProcessService", "{91445139-855B-4A63-A863-4BB77F985B81}"
EndProject
Project("{9A19103F-16F7-4668-BE54-9A1E7A4F7556}") = "FPSProcessService", "services\FPSProcessService\FPSProcessService\FPSProcessService.csproj", "{1CCBB37B-3CD9-46BE-A594-CA28AEAF21E2}"
EndProject
Project("{9A19103F-16F7-4668-BE54-9A1E7A4F7556}") = "Common", "buildingBlocks\Common\Common.csproj", "{7A71FA27-ACEA-48BC-B89A-3749F3456980}"
EndProject
Project("{9A19103F-16F7-4668-BE54-9A1E7A4F7556}") = "CommonSetting", "buildingBlocks\CommonSetting\CommonSetting.csproj", "{3ACB9791-E806-4BFC-B2B4-FE357A05397B}"
EndProject
Project("{9A19103F-16F7-4668-BE54-9A1E7A4F7556}") = "BugReporting", "buildingBlocks\BugReporting\BugReporting.csproj", "{C014AC88-2FE5-48DC-8DD3-118AA367CE8C}"
EndProject
Project("{9A19103F-16F7-4668-BE54-9A1E7A4F7556}") = "CredEncryption", "buildingBlocks\CredEncryption\CredEncryption.csproj", "{F03FD13B-1AD0-4A09-A132-B2362CDC7546}"
EndProject
Project("{9A19103F-16F7-4668-BE54-9A1E7A4F7556}") = "MessageServer", "services\FPSProcessService\MessageServer\MessageServer.csproj", "{F2AB707A-24C7-4812-9A4F-A047C55439C7}"
EndProject
Project("{9A19103F-16F7-4668-BE54-9A1E7A4F7556}") = "LoggingSystem", "services\FPSProcessService\LoggingSystem\LoggingSystem.csproj", "{995DE721-4544-4BF2-982B-D421BC038FEB}"
EndProject
Project("{9A19103F-16F7-4668-BE54-9A1E7A4F7556}") = "MessageParser", "services\FPSProcessService\MessageParser\MessageParser.csproj", "{69CBB903-1D63-45CF-9B31-6C90EDD794C9}"
EndProject
Project("{9A19103F-16F7-4668-BE54-9A1E7A4F7556}") = "HSMSecurity", "services\FPSProcessService\HSMSecurity\HSMSecurity.csproj", "{11373809-9D88-447E-9DD0-D9863F97FBF2}"
EndProject
Project("{9A19103F-16F7-4668-BE54-9A1E7A4F7556}") = "TestConsumer", "TestConsumer\TestConsumer.csproj", "{BBDDB66E-0DEC-4796-82AB-AAD3A47E23B6}"
EndProject
Project("{9A19103F-16F7-4668-BE54-9A1E7A4F7556}") = "BuildingBlocks.Api", "buildingBlocks\BuildingBlocks.Api\BuildingBlocks.Api.csproj", "{A3D231A4-5B58-4ECF-ACAA-6F1C74D93ED0}"
EndProject
Project("{E53339B2-1760-4266-BCC7-CA923CBCF16C}") = "docker-compose", "docker-compose.dcproj", "{5718528D-87DD-4BEB-9406-4885A7E98DAC}"
EndProject
Project("{2150E333-8FDC-42A3-9474-1A3956D46DE8}") = "AccountService", "AccountService", "{903C2851-EE2A-425E-B2E1-AC6819CCE73C}"
EndProject
Project("{9A19103F-16F7-4668-BE54-9A1E7A4F7556}") = "AccountService.Api", "services\AccountService\AccountService.Api\AccountService.Api.csproj", "{E4130A08-7238-4085-A749-5821E742A9B2}"
EndProject
Project("{9A19103F-16F7-4668-BE54-9A1E7A4F7556}") = "AccountService.Application", "services\AccountService\AccountService.Application\AccountService.Application.csproj", "{3D0E1FD6-F7E2-4FDB-A170-7689208B6D36}"
EndProject
Project("{9A19103F-16F7-4668-BE54-9A1E7A4F7556}") = "AccountService.Domain", "services\AccountService\AccountService.Domain\AccountService.Domain.csproj", "{A71E1A8C-5F2E-419E-B6A7-B4ABE16F651B}"
EndProject
Project("{9A19103F-16F7-4668-BE54-9A1E7A4F7556}") = "AccountService.Infrastructure", "services\AccountService\AccountService.Infrastructure\AccountService.Infrastructure.csproj", "{BDC434E0-E3C4-4F22-A165-ED3F80315E43}"
EndProject
Project("{9A19103F-16F7-4668-BE54-9A1E7A4F7556}") = "BuildingBlocks.Core", "buildingBlocks\BuildingBlocks.Core\BuildingBlocks.Core.csproj", "{DE26E608-42EF-4ADD-93BE-64FD7499638A}"
EndProject
Project("{2150E333-8FDC-42A3-9474-1A3956D46DE8}") = "Tests", "Tests", "{6B9B7AC3-2105-409E-A755-168FFD5CFE74}"
EndProject
Project("{9A19103F-16F7-4668-BE54-9A1E7A4F7556}") = "AgencyService.Application.UnitTests", "services\agencyService\Tests\AgencyService.Application.UnitTests\AgencyService.Application.UnitTests.csproj", "{3200277E-0262-468F-BA89-34165045DC53}"
EndProject
Project("{9A19103F-16F7-4668-BE54-9A1E7A4F7556}") = "AgencyService.Infrastructure.IntegrationTests", "services\agencyService\Tests\AgencyService.Infrastructure.IntegrationTests\AgencyService.Infrastructure.IntegrationTests.csproj", "{B11C592E-56CF-4068-B3A4-15AB9AA2F11A}"
EndProject
Project("{9A19103F-16F7-4668-BE54-9A1E7A4F7556}") = "AgencyService.Domain.UnitTests", "services\agencyService\Tests\AgencyService.Domain.UnitTests\AgencyService.Domain.UnitTests.csproj", "{5C55B911-885F-439D-A712-48534A4188C1}"
EndProject
Project("{9A19103F-16F7-4668-BE54-9A1E7A4F7556}") = "BuildingBlocks.Tests", "buildingBlocks\BuildingBlocks.Tests\BuildingBlocks.Tests.csproj", "{6F24DB3B-CD0D-4996-964F-993EFF5DD573}"
EndProject
Project("{2150E333-8FDC-42A3-9474-1A3956D46DE8}") = "Tests", "Tests", "{D838A03C-DBBA-4D17-9203-D0C3788D892F}"
EndProject
Project("{9A19103F-16F7-4668-BE54-9A1E7A4F7556}") = "AccountProcessService.Application.UnitTests", "services\AccountProcessService\Tests\AccountProcessService.Application.UnitTests\AccountProcessService.Application.UnitTests.csproj", "{43CB6616-4FC8-4903-BE47-D4EB8CE4EA88}"
EndProject
Project("{9A19103F-16F7-4668-BE54-9A1E7A4F7556}") = "BuildingBlocks.Aws.DynamoDb", "buildingBlocks\BuildingBlocks.Aws.DynamoDb\BuildingBlocks.Aws.DynamoDb.csproj", "{45730738-2E37-49C3-BBBA-5D43A12BD60D}"
EndProject
Project("{9A19103F-16F7-4668-BE54-9A1E7A4F7556}") = "AgencyService.Api.UnitTests", "services\AgencyService\Tests\AgencyService.Api.UnitTests\AgencyService.Api.UnitTests.csproj", "{957E2184-3267-4AF6-9A2A-1EAEF413D4F1}"
EndProject
Project("{FAE04EC0-301F-11D3-BF4B-00C04F79EFBC}") = "AgencyService.BatchJobs", "services\AgencyService\AgencyService.BatchJobs\AgencyService.BatchJobs.csproj", "{2E442161-4D09-431D-AC4A-6C2DEB61B242}"
EndProject
Global
	GlobalSection(SolutionConfigurationPlatforms) = preSolution
		Debug|Any CPU = Debug|Any CPU
		Release|Any CPU = Release|Any CPU
	EndGlobalSection
	GlobalSection(ProjectConfigurationPlatforms) = postSolution
		{BC6496C1-67C3-4535-A1FA-FDFBA48FEC94}.Debug|Any CPU.ActiveCfg = Debug|Any CPU
		{BC6496C1-67C3-4535-A1FA-FDFBA48FEC94}.Debug|Any CPU.Build.0 = Debug|Any CPU
		{BC6496C1-67C3-4535-A1FA-FDFBA48FEC94}.Release|Any CPU.ActiveCfg = Release|Any CPU
		{BC6496C1-67C3-4535-A1FA-FDFBA48FEC94}.Release|Any CPU.Build.0 = Release|Any CPU
		{77099210-A979-4ECE-A595-F2F9B3A32AD0}.Debug|Any CPU.ActiveCfg = Debug|Any CPU
		{77099210-A979-4ECE-A595-F2F9B3A32AD0}.Debug|Any CPU.Build.0 = Debug|Any CPU
		{77099210-A979-4ECE-A595-F2F9B3A32AD0}.Release|Any CPU.ActiveCfg = Release|Any CPU
		{77099210-A979-4ECE-A595-F2F9B3A32AD0}.Release|Any CPU.Build.0 = Release|Any CPU
		{270AC4A4-FAEA-40C8-9F13-F3EE3BDE7F81}.Debug|Any CPU.ActiveCfg = Debug|Any CPU
		{270AC4A4-FAEA-40C8-9F13-F3EE3BDE7F81}.Debug|Any CPU.Build.0 = Debug|Any CPU
		{270AC4A4-FAEA-40C8-9F13-F3EE3BDE7F81}.Release|Any CPU.ActiveCfg = Release|Any CPU
		{270AC4A4-FAEA-40C8-9F13-F3EE3BDE7F81}.Release|Any CPU.Build.0 = Release|Any CPU
		{EE6156E7-28E2-46FA-A01D-7E0036C30671}.Debug|Any CPU.ActiveCfg = Debug|Any CPU
		{EE6156E7-28E2-46FA-A01D-7E0036C30671}.Debug|Any CPU.Build.0 = Debug|Any CPU
		{EE6156E7-28E2-46FA-A01D-7E0036C30671}.Release|Any CPU.ActiveCfg = Release|Any CPU
		{EE6156E7-28E2-46FA-A01D-7E0036C30671}.Release|Any CPU.Build.0 = Release|Any CPU
		{FD6A47D4-2E9A-4B1B-9B06-0737C55703B8}.Debug|Any CPU.ActiveCfg = Debug|Any CPU
		{FD6A47D4-2E9A-4B1B-9B06-0737C55703B8}.Debug|Any CPU.Build.0 = Debug|Any CPU
		{FD6A47D4-2E9A-4B1B-9B06-0737C55703B8}.Release|Any CPU.ActiveCfg = Release|Any CPU
		{FD6A47D4-2E9A-4B1B-9B06-0737C55703B8}.Release|Any CPU.Build.0 = Release|Any CPU
		{910D278B-2CFF-4ED8-A7B9-7D15BAC9BA7B}.Debug|Any CPU.ActiveCfg = Debug|Any CPU
		{910D278B-2CFF-4ED8-A7B9-7D15BAC9BA7B}.Debug|Any CPU.Build.0 = Debug|Any CPU
		{910D278B-2CFF-4ED8-A7B9-7D15BAC9BA7B}.Release|Any CPU.ActiveCfg = Release|Any CPU
		{910D278B-2CFF-4ED8-A7B9-7D15BAC9BA7B}.Release|Any CPU.Build.0 = Release|Any CPU
		{A4E73363-93A7-47AF-9410-114542141368}.Debug|Any CPU.ActiveCfg = Debug|Any CPU
		{A4E73363-93A7-47AF-9410-114542141368}.Debug|Any CPU.Build.0 = Debug|Any CPU
		{A4E73363-93A7-47AF-9410-114542141368}.Release|Any CPU.ActiveCfg = Release|Any CPU
		{A4E73363-93A7-47AF-9410-114542141368}.Release|Any CPU.Build.0 = Release|Any CPU
		{4835A526-F2D2-49F5-A9CB-B3D760516AF3}.Debug|Any CPU.ActiveCfg = Debug|Any CPU
		{4835A526-F2D2-49F5-A9CB-B3D760516AF3}.Debug|Any CPU.Build.0 = Debug|Any CPU
		{4835A526-F2D2-49F5-A9CB-B3D760516AF3}.Release|Any CPU.ActiveCfg = Release|Any CPU
		{4835A526-F2D2-49F5-A9CB-B3D760516AF3}.Release|Any CPU.Build.0 = Release|Any CPU
		{5D0F66B5-7939-4EB9-905C-9C60B690F1B8}.Debug|Any CPU.ActiveCfg = Debug|Any CPU
		{5D0F66B5-7939-4EB9-905C-9C60B690F1B8}.Debug|Any CPU.Build.0 = Debug|Any CPU
		{5D0F66B5-7939-4EB9-905C-9C60B690F1B8}.Release|Any CPU.ActiveCfg = Release|Any CPU
		{5D0F66B5-7939-4EB9-905C-9C60B690F1B8}.Release|Any CPU.Build.0 = Release|Any CPU
		{4E4D2E3C-EE06-4DF4-8006-6E8D8B32BFB7}.Debug|Any CPU.ActiveCfg = Debug|Any CPU
		{4E4D2E3C-EE06-4DF4-8006-6E8D8B32BFB7}.Debug|Any CPU.Build.0 = Debug|Any CPU
		{4E4D2E3C-EE06-4DF4-8006-6E8D8B32BFB7}.Release|Any CPU.ActiveCfg = Release|Any CPU
		{4E4D2E3C-EE06-4DF4-8006-6E8D8B32BFB7}.Release|Any CPU.Build.0 = Release|Any CPU
		{6BA644B7-F457-4402-8BA3-B3F4DE990BA5}.Debug|Any CPU.ActiveCfg = Debug|Any CPU
		{6BA644B7-F457-4402-8BA3-B3F4DE990BA5}.Debug|Any CPU.Build.0 = Debug|Any CPU
		{6BA644B7-F457-4402-8BA3-B3F4DE990BA5}.Release|Any CPU.ActiveCfg = Release|Any CPU
		{6BA644B7-F457-4402-8BA3-B3F4DE990BA5}.Release|Any CPU.Build.0 = Release|Any CPU
		{8F61B5FE-81BA-42A7-BF57-8E7930738A6F}.Debug|Any CPU.ActiveCfg = Debug|Any CPU
		{8F61B5FE-81BA-42A7-BF57-8E7930738A6F}.Debug|Any CPU.Build.0 = Debug|Any CPU
		{8F61B5FE-81BA-42A7-BF57-8E7930738A6F}.Release|Any CPU.ActiveCfg = Release|Any CPU
		{8F61B5FE-81BA-42A7-BF57-8E7930738A6F}.Release|Any CPU.Build.0 = Release|Any CPU
		{5303E8A8-80DF-4E50-872A-5C8B6068E2F6}.Debug|Any CPU.ActiveCfg = Debug|Any CPU
		{5303E8A8-80DF-4E50-872A-5C8B6068E2F6}.Debug|Any CPU.Build.0 = Debug|Any CPU
		{5303E8A8-80DF-4E50-872A-5C8B6068E2F6}.Release|Any CPU.ActiveCfg = Release|Any CPU
		{5303E8A8-80DF-4E50-872A-5C8B6068E2F6}.Release|Any CPU.Build.0 = Release|Any CPU
		{932426CD-4957-43BC-9034-A03655A8D3B1}.Debug|Any CPU.ActiveCfg = Debug|Any CPU
		{932426CD-4957-43BC-9034-A03655A8D3B1}.Debug|Any CPU.Build.0 = Debug|Any CPU
		{932426CD-4957-43BC-9034-A03655A8D3B1}.Release|Any CPU.ActiveCfg = Release|Any CPU
		{932426CD-4957-43BC-9034-A03655A8D3B1}.Release|Any CPU.Build.0 = Release|Any CPU
		{1CCBB37B-3CD9-46BE-A594-CA28AEAF21E2}.Debug|Any CPU.ActiveCfg = Debug|Any CPU
		{1CCBB37B-3CD9-46BE-A594-CA28AEAF21E2}.Debug|Any CPU.Build.0 = Debug|Any CPU
		{1CCBB37B-3CD9-46BE-A594-CA28AEAF21E2}.Release|Any CPU.ActiveCfg = Release|Any CPU
		{1CCBB37B-3CD9-46BE-A594-CA28AEAF21E2}.Release|Any CPU.Build.0 = Release|Any CPU
		{7A71FA27-ACEA-48BC-B89A-3749F3456980}.Debug|Any CPU.ActiveCfg = Debug|Any CPU
		{7A71FA27-ACEA-48BC-B89A-3749F3456980}.Debug|Any CPU.Build.0 = Debug|Any CPU
		{7A71FA27-ACEA-48BC-B89A-3749F3456980}.Release|Any CPU.ActiveCfg = Release|Any CPU
		{7A71FA27-ACEA-48BC-B89A-3749F3456980}.Release|Any CPU.Build.0 = Release|Any CPU
		{3ACB9791-E806-4BFC-B2B4-FE357A05397B}.Debug|Any CPU.ActiveCfg = Debug|Any CPU
		{3ACB9791-E806-4BFC-B2B4-FE357A05397B}.Debug|Any CPU.Build.0 = Debug|Any CPU
		{3ACB9791-E806-4BFC-B2B4-FE357A05397B}.Release|Any CPU.ActiveCfg = Release|Any CPU
		{3ACB9791-E806-4BFC-B2B4-FE357A05397B}.Release|Any CPU.Build.0 = Release|Any CPU
		{C014AC88-2FE5-48DC-8DD3-118AA367CE8C}.Debug|Any CPU.ActiveCfg = Debug|Any CPU
		{C014AC88-2FE5-48DC-8DD3-118AA367CE8C}.Debug|Any CPU.Build.0 = Debug|Any CPU
		{C014AC88-2FE5-48DC-8DD3-118AA367CE8C}.Release|Any CPU.ActiveCfg = Release|Any CPU
		{C014AC88-2FE5-48DC-8DD3-118AA367CE8C}.Release|Any CPU.Build.0 = Release|Any CPU
		{F03FD13B-1AD0-4A09-A132-B2362CDC7546}.Debug|Any CPU.ActiveCfg = Debug|Any CPU
		{F03FD13B-1AD0-4A09-A132-B2362CDC7546}.Debug|Any CPU.Build.0 = Debug|Any CPU
		{F03FD13B-1AD0-4A09-A132-B2362CDC7546}.Release|Any CPU.ActiveCfg = Release|Any CPU
		{F03FD13B-1AD0-4A09-A132-B2362CDC7546}.Release|Any CPU.Build.0 = Release|Any CPU
		{F2AB707A-24C7-4812-9A4F-A047C55439C7}.Debug|Any CPU.ActiveCfg = Debug|Any CPU
		{F2AB707A-24C7-4812-9A4F-A047C55439C7}.Debug|Any CPU.Build.0 = Debug|Any CPU
		{F2AB707A-24C7-4812-9A4F-A047C55439C7}.Release|Any CPU.ActiveCfg = Release|Any CPU
		{F2AB707A-24C7-4812-9A4F-A047C55439C7}.Release|Any CPU.Build.0 = Release|Any CPU
		{995DE721-4544-4BF2-982B-D421BC038FEB}.Debug|Any CPU.ActiveCfg = Debug|Any CPU
		{995DE721-4544-4BF2-982B-D421BC038FEB}.Debug|Any CPU.Build.0 = Debug|Any CPU
		{995DE721-4544-4BF2-982B-D421BC038FEB}.Release|Any CPU.ActiveCfg = Release|Any CPU
		{995DE721-4544-4BF2-982B-D421BC038FEB}.Release|Any CPU.Build.0 = Release|Any CPU
		{69CBB903-1D63-45CF-9B31-6C90EDD794C9}.Debug|Any CPU.ActiveCfg = Debug|Any CPU
		{69CBB903-1D63-45CF-9B31-6C90EDD794C9}.Debug|Any CPU.Build.0 = Debug|Any CPU
		{69CBB903-1D63-45CF-9B31-6C90EDD794C9}.Release|Any CPU.ActiveCfg = Release|Any CPU
		{69CBB903-1D63-45CF-9B31-6C90EDD794C9}.Release|Any CPU.Build.0 = Release|Any CPU
		{11373809-9D88-447E-9DD0-D9863F97FBF2}.Debug|Any CPU.ActiveCfg = Debug|Any CPU
		{11373809-9D88-447E-9DD0-D9863F97FBF2}.Debug|Any CPU.Build.0 = Debug|Any CPU
		{11373809-9D88-447E-9DD0-D9863F97FBF2}.Release|Any CPU.ActiveCfg = Release|Any CPU
		{11373809-9D88-447E-9DD0-D9863F97FBF2}.Release|Any CPU.Build.0 = Release|Any CPU
		{BBDDB66E-0DEC-4796-82AB-AAD3A47E23B6}.Debug|Any CPU.ActiveCfg = Debug|Any CPU
		{BBDDB66E-0DEC-4796-82AB-AAD3A47E23B6}.Debug|Any CPU.Build.0 = Debug|Any CPU
		{BBDDB66E-0DEC-4796-82AB-AAD3A47E23B6}.Release|Any CPU.ActiveCfg = Release|Any CPU
		{BBDDB66E-0DEC-4796-82AB-AAD3A47E23B6}.Release|Any CPU.Build.0 = Release|Any CPU
		{A3D231A4-5B58-4ECF-ACAA-6F1C74D93ED0}.Debug|Any CPU.ActiveCfg = Debug|Any CPU
		{A3D231A4-5B58-4ECF-ACAA-6F1C74D93ED0}.Debug|Any CPU.Build.0 = Debug|Any CPU
		{A3D231A4-5B58-4ECF-ACAA-6F1C74D93ED0}.Release|Any CPU.ActiveCfg = Release|Any CPU
		{A3D231A4-5B58-4ECF-ACAA-6F1C74D93ED0}.Release|Any CPU.Build.0 = Release|Any CPU
		{5718528D-87DD-4BEB-9406-4885A7E98DAC}.Debug|Any CPU.ActiveCfg = Debug|Any CPU
		{5718528D-87DD-4BEB-9406-4885A7E98DAC}.Debug|Any CPU.Build.0 = Debug|Any CPU
		{5718528D-87DD-4BEB-9406-4885A7E98DAC}.Release|Any CPU.ActiveCfg = Release|Any CPU
		{5718528D-87DD-4BEB-9406-4885A7E98DAC}.Release|Any CPU.Build.0 = Release|Any CPU
		{E4130A08-7238-4085-A749-5821E742A9B2}.Debug|Any CPU.ActiveCfg = Debug|Any CPU
		{E4130A08-7238-4085-A749-5821E742A9B2}.Debug|Any CPU.Build.0 = Debug|Any CPU
		{E4130A08-7238-4085-A749-5821E742A9B2}.Release|Any CPU.ActiveCfg = Release|Any CPU
		{E4130A08-7238-4085-A749-5821E742A9B2}.Release|Any CPU.Build.0 = Release|Any CPU
		{3D0E1FD6-F7E2-4FDB-A170-7689208B6D36}.Debug|Any CPU.ActiveCfg = Debug|Any CPU
		{3D0E1FD6-F7E2-4FDB-A170-7689208B6D36}.Debug|Any CPU.Build.0 = Debug|Any CPU
		{3D0E1FD6-F7E2-4FDB-A170-7689208B6D36}.Release|Any CPU.ActiveCfg = Release|Any CPU
		{3D0E1FD6-F7E2-4FDB-A170-7689208B6D36}.Release|Any CPU.Build.0 = Release|Any CPU
		{A71E1A8C-5F2E-419E-B6A7-B4ABE16F651B}.Debug|Any CPU.ActiveCfg = Debug|Any CPU
		{A71E1A8C-5F2E-419E-B6A7-B4ABE16F651B}.Debug|Any CPU.Build.0 = Debug|Any CPU
		{A71E1A8C-5F2E-419E-B6A7-B4ABE16F651B}.Release|Any CPU.ActiveCfg = Release|Any CPU
		{A71E1A8C-5F2E-419E-B6A7-B4ABE16F651B}.Release|Any CPU.Build.0 = Release|Any CPU
		{BDC434E0-E3C4-4F22-A165-ED3F80315E43}.Debug|Any CPU.ActiveCfg = Debug|Any CPU
		{BDC434E0-E3C4-4F22-A165-ED3F80315E43}.Debug|Any CPU.Build.0 = Debug|Any CPU
		{BDC434E0-E3C4-4F22-A165-ED3F80315E43}.Release|Any CPU.ActiveCfg = Release|Any CPU
		{BDC434E0-E3C4-4F22-A165-ED3F80315E43}.Release|Any CPU.Build.0 = Release|Any CPU
		{DE26E608-42EF-4ADD-93BE-64FD7499638A}.Debug|Any CPU.ActiveCfg = Debug|Any CPU
		{DE26E608-42EF-4ADD-93BE-64FD7499638A}.Debug|Any CPU.Build.0 = Debug|Any CPU
		{DE26E608-42EF-4ADD-93BE-64FD7499638A}.Release|Any CPU.ActiveCfg = Release|Any CPU
		{DE26E608-42EF-4ADD-93BE-64FD7499638A}.Release|Any CPU.Build.0 = Release|Any CPU
		{3200277E-0262-468F-BA89-34165045DC53}.Debug|Any CPU.ActiveCfg = Debug|Any CPU
		{3200277E-0262-468F-BA89-34165045DC53}.Debug|Any CPU.Build.0 = Debug|Any CPU
		{3200277E-0262-468F-BA89-34165045DC53}.Release|Any CPU.ActiveCfg = Release|Any CPU
		{3200277E-0262-468F-BA89-34165045DC53}.Release|Any CPU.Build.0 = Release|Any CPU
		{B11C592E-56CF-4068-B3A4-15AB9AA2F11A}.Debug|Any CPU.ActiveCfg = Debug|Any CPU
		{B11C592E-56CF-4068-B3A4-15AB9AA2F11A}.Debug|Any CPU.Build.0 = Debug|Any CPU
		{B11C592E-56CF-4068-B3A4-15AB9AA2F11A}.Release|Any CPU.ActiveCfg = Release|Any CPU
		{B11C592E-56CF-4068-B3A4-15AB9AA2F11A}.Release|Any CPU.Build.0 = Release|Any CPU
		{5C55B911-885F-439D-A712-48534A4188C1}.Debug|Any CPU.ActiveCfg = Debug|Any CPU
		{5C55B911-885F-439D-A712-48534A4188C1}.Debug|Any CPU.Build.0 = Debug|Any CPU
		{5C55B911-885F-439D-A712-48534A4188C1}.Release|Any CPU.ActiveCfg = Release|Any CPU
		{5C55B911-885F-439D-A712-48534A4188C1}.Release|Any CPU.Build.0 = Release|Any CPU
		{6F24DB3B-CD0D-4996-964F-993EFF5DD573}.Debug|Any CPU.ActiveCfg = Debug|Any CPU
		{6F24DB3B-CD0D-4996-964F-993EFF5DD573}.Debug|Any CPU.Build.0 = Debug|Any CPU
		{6F24DB3B-CD0D-4996-964F-993EFF5DD573}.Release|Any CPU.ActiveCfg = Release|Any CPU
		{6F24DB3B-CD0D-4996-964F-993EFF5DD573}.Release|Any CPU.Build.0 = Release|Any CPU
		{43CB6616-4FC8-4903-BE47-D4EB8CE4EA88}.Debug|Any CPU.ActiveCfg = Debug|Any CPU
		{43CB6616-4FC8-4903-BE47-D4EB8CE4EA88}.Debug|Any CPU.Build.0 = Debug|Any CPU
		{43CB6616-4FC8-4903-BE47-D4EB8CE4EA88}.Release|Any CPU.ActiveCfg = Release|Any CPU
		{43CB6616-4FC8-4903-BE47-D4EB8CE4EA88}.Release|Any CPU.Build.0 = Release|Any CPU
		{45730738-2E37-49C3-BBBA-5D43A12BD60D}.Debug|Any CPU.ActiveCfg = Debug|Any CPU
		{45730738-2E37-49C3-BBBA-5D43A12BD60D}.Debug|Any CPU.Build.0 = Debug|Any CPU
		{45730738-2E37-49C3-BBBA-5D43A12BD60D}.Release|Any CPU.ActiveCfg = Release|Any CPU
		{45730738-2E37-49C3-BBBA-5D43A12BD60D}.Release|Any CPU.Build.0 = Release|Any CPU
		{957E2184-3267-4AF6-9A2A-1EAEF413D4F1}.Debug|Any CPU.ActiveCfg = Debug|Any CPU
		{957E2184-3267-4AF6-9A2A-1EAEF413D4F1}.Debug|Any CPU.Build.0 = Debug|Any CPU
		{957E2184-3267-4AF6-9A2A-1EAEF413D4F1}.Release|Any CPU.ActiveCfg = Release|Any CPU
		{957E2184-3267-4AF6-9A2A-1EAEF413D4F1}.Release|Any CPU.Build.0 = Release|Any CPU
		{2E442161-4D09-431D-AC4A-6C2DEB61B242}.Debug|Any CPU.ActiveCfg = Debug|Any CPU
		{2E442161-4D09-431D-AC4A-6C2DEB61B242}.Debug|Any CPU.Build.0 = Debug|Any CPU
		{2E442161-4D09-431D-AC4A-6C2DEB61B242}.Release|Any CPU.ActiveCfg = Release|Any CPU
		{2E442161-4D09-431D-AC4A-6C2DEB61B242}.Release|Any CPU.Build.0 = Release|Any CPU
	EndGlobalSection
	GlobalSection(SolutionProperties) = preSolution
		HideSolutionNode = FALSE
	EndGlobalSection
	GlobalSection(NestedProjects) = preSolution
		{BC6496C1-67C3-4535-A1FA-FDFBA48FEC94} = {38B254CF-F389-449B-9642-994158D2596F}
		{77099210-A979-4ECE-A595-F2F9B3A32AD0} = {38B254CF-F389-449B-9642-994158D2596F}
		{DFAE17D0-663B-4ED6-8D3C-8D01F45260AB} = {A4B003E1-B830-489B-9E8B-56B07FBAA42C}
		{270AC4A4-FAEA-40C8-9F13-F3EE3BDE7F81} = {DFAE17D0-663B-4ED6-8D3C-8D01F45260AB}
		{EE6156E7-28E2-46FA-A01D-7E0036C30671} = {DFAE17D0-663B-4ED6-8D3C-8D01F45260AB}
		{FD6A47D4-2E9A-4B1B-9B06-0737C55703B8} = {DFAE17D0-663B-4ED6-8D3C-8D01F45260AB}
		{910D278B-2CFF-4ED8-A7B9-7D15BAC9BA7B} = {DFAE17D0-663B-4ED6-8D3C-8D01F45260AB}
		{80441361-1F2E-4D21-B77F-AEFD6BE60CD4} = {A4B003E1-B830-489B-9E8B-56B07FBAA42C}
		{A4E73363-93A7-47AF-9410-114542141368} = {80441361-1F2E-4D21-B77F-AEFD6BE60CD4}
		{4835A526-F2D2-49F5-A9CB-B3D760516AF3} = {80441361-1F2E-4D21-B77F-AEFD6BE60CD4}
		{5D0F66B5-7939-4EB9-905C-9C60B690F1B8} = {80441361-1F2E-4D21-B77F-AEFD6BE60CD4}
		{4E4D2E3C-EE06-4DF4-8006-6E8D8B32BFB7} = {80441361-1F2E-4D21-B77F-AEFD6BE60CD4}
		{6BA644B7-F457-4402-8BA3-B3F4DE990BA5} = {38B254CF-F389-449B-9642-994158D2596F}
		{8F61B5FE-81BA-42A7-BF57-8E7930738A6F} = {38B254CF-F389-449B-9642-994158D2596F}
		{5303E8A8-80DF-4E50-872A-5C8B6068E2F6} = {38B254CF-F389-449B-9642-994158D2596F}
		{932426CD-4957-43BC-9034-A03655A8D3B1} = {38B254CF-F389-449B-9642-994158D2596F}
		{91445139-855B-4A63-A863-4BB77F985B81} = {A4B003E1-B830-489B-9E8B-56B07FBAA42C}
		{1CCBB37B-3CD9-46BE-A594-CA28AEAF21E2} = {91445139-855B-4A63-A863-4BB77F985B81}
		{7A71FA27-ACEA-48BC-B89A-3749F3456980} = {38B254CF-F389-449B-9642-994158D2596F}
		{3ACB9791-E806-4BFC-B2B4-FE357A05397B} = {38B254CF-F389-449B-9642-994158D2596F}
		{C014AC88-2FE5-48DC-8DD3-118AA367CE8C} = {38B254CF-F389-449B-9642-994158D2596F}
		{F03FD13B-1AD0-4A09-A132-B2362CDC7546} = {38B254CF-F389-449B-9642-994158D2596F}
		{F2AB707A-24C7-4812-9A4F-A047C55439C7} = {91445139-855B-4A63-A863-4BB77F985B81}
		{995DE721-4544-4BF2-982B-D421BC038FEB} = {91445139-855B-4A63-A863-4BB77F985B81}
		{69CBB903-1D63-45CF-9B31-6C90EDD794C9} = {91445139-855B-4A63-A863-4BB77F985B81}
		{11373809-9D88-447E-9DD0-D9863F97FBF2} = {91445139-855B-4A63-A863-4BB77F985B81}
		{A3D231A4-5B58-4ECF-ACAA-6F1C74D93ED0} = {38B254CF-F389-449B-9642-994158D2596F}
		{903C2851-EE2A-425E-B2E1-AC6819CCE73C} = {A4B003E1-B830-489B-9E8B-56B07FBAA42C}
		{E4130A08-7238-4085-A749-5821E742A9B2} = {903C2851-EE2A-425E-B2E1-AC6819CCE73C}
		{3D0E1FD6-F7E2-4FDB-A170-7689208B6D36} = {903C2851-EE2A-425E-B2E1-AC6819CCE73C}
		{A71E1A8C-5F2E-419E-B6A7-B4ABE16F651B} = {903C2851-EE2A-425E-B2E1-AC6819CCE73C}
		{BDC434E0-E3C4-4F22-A165-ED3F80315E43} = {903C2851-EE2A-425E-B2E1-AC6819CCE73C}
		{DE26E608-42EF-4ADD-93BE-64FD7499638A} = {38B254CF-F389-449B-9642-994158D2596F}
		{6B9B7AC3-2105-409E-A755-168FFD5CFE74} = {DFAE17D0-663B-4ED6-8D3C-8D01F45260AB}
		{3200277E-0262-468F-BA89-34165045DC53} = {6B9B7AC3-2105-409E-A755-168FFD5CFE74}
		{B11C592E-56CF-4068-B3A4-15AB9AA2F11A} = {6B9B7AC3-2105-409E-A755-168FFD5CFE74}
		{5C55B911-885F-439D-A712-48534A4188C1} = {6B9B7AC3-2105-409E-A755-168FFD5CFE74}
		{6F24DB3B-CD0D-4996-964F-993EFF5DD573} = {38B254CF-F389-449B-9642-994158D2596F}
		{D838A03C-DBBA-4D17-9203-D0C3788D892F} = {80441361-1F2E-4D21-B77F-AEFD6BE60CD4}
		{43CB6616-4FC8-4903-BE47-D4EB8CE4EA88} = {D838A03C-DBBA-4D17-9203-D0C3788D892F}
		{45730738-2E37-49C3-BBBA-5D43A12BD60D} = {38B254CF-F389-449B-9642-994158D2596F}
		{957E2184-3267-4AF6-9A2A-1EAEF413D4F1} = {6B9B7AC3-2105-409E-A755-168FFD5CFE74}
		{2E442161-4D09-431D-AC4A-6C2DEB61B242} = {DFAE17D0-663B-4ED6-8D3C-8D01F45260AB}
	EndGlobalSection
	GlobalSection(ExtensibilityGlobals) = postSolution
		SolutionGuid = {872A566D-5A5C-48E4-B593-0CF9A6397CD4}
	EndGlobalSection
EndGlobal
